
Microsoft Visual Studio Solution File, Format Version 12.00
# Visual Studio Version 17
VisualStudioVersion = 17.0.31903.59
MinimumVisualStudioVersion = 10.0.40219.1
Project("{2150E333-8FDC-42A3-9474-1A3956D46DE8}") = "src", "src", "{827E0CD3-B72D-47B6-A68D-7590B98EB39B}"
EndProject
Project("{FAE04EC0-301F-11D3-BF4B-00C04F79EFBC}") = "Physics", "src\Physics\Physics.csproj", "{67122AE0-AC1B-4DFE-86F9-A21BB6B9DECC}"
EndProject
Project("{FAE04EC0-301F-11D3-BF4B-00C04F79EFBC}") = "Bridge", "src\Bridge\Bridge.csproj", "{B5430A72-8CFF-4F99-A2CA-A6E5B859AC8E}"
EndProject
Project("{2150E333-8FDC-42A3-9474-1A3956D46DE8}") = "tools", "tools", "{07C2787E-EAC7-C090-1BA3-A61EC2A24D84}"
EndProject
Project("{FAE04EC0-301F-11D3-BF4B-00C04F79EFBC}") = "TsTypeGen", "tools\TsTypeGen\TsTypeGen.csproj", "{7E5A3209-1EEB-42E0-8C11-EDA769E98774}"
EndProject
Project("{2150E333-8FDC-42A3-9474-1A3956D46DE8}") = "Tests", "Tests", "{0AB3BF05-4346-4AA6-1389-037BE0695223}"
EndProject
Project("{FAE04EC0-301F-11D3-BF4B-00C04F79EFBC}") = "BridgeTests", "Tests\BridgeTests\BridgeTests.csproj", "{4FC44072-6952-43B8-BFB2-7B64FBEE223B}"
EndProject
Project("{FAE04EC0-301F-11D3-BF4B-00C04F79EFBC}") = "IntegrationTests", "Tests\IntegrationTests\IntegrationTests.csproj", "{5AAAD1AF-F393-40FD-9E21-0A3A6C7F3752}"
EndProject
Global
	GlobalSection(SolutionConfigurationPlatforms) = preSolution
		Debug|Any CPU = Debug|Any CPU
		Debug|x64 = Debug|x64
		Debug|x86 = Debug|x86
		Release|Any CPU = Release|Any CPU
		Release|x64 = Release|x64
		Release|x86 = Release|x86
	EndGlobalSection
	GlobalSection(ProjectConfigurationPlatforms) = postSolution
		{67122AE0-AC1B-4DFE-86F9-A21BB6B9DECC}.Debug|Any CPU.ActiveCfg = Debug|Any CPU
		{67122AE0-AC1B-4DFE-86F9-A21BB6B9DECC}.Debug|Any CPU.Build.0 = Debug|Any CPU
		{67122AE0-AC1B-4DFE-86F9-A21BB6B9DECC}.Debug|x64.ActiveCfg = Debug|Any CPU
		{67122AE0-AC1B-4DFE-86F9-A21BB6B9DECC}.Debug|x64.Build.0 = Debug|Any CPU
		{67122AE0-AC1B-4DFE-86F9-A21BB6B9DECC}.Debug|x86.ActiveCfg = Debug|Any CPU
		{67122AE0-AC1B-4DFE-86F9-A21BB6B9DECC}.Debug|x86.Build.0 = Debug|Any CPU
		{67122AE0-AC1B-4DFE-86F9-A21BB6B9DECC}.Release|Any CPU.ActiveCfg = Release|Any CPU
		{67122AE0-AC1B-4DFE-86F9-A21BB6B9DECC}.Release|Any CPU.Build.0 = Release|Any CPU
		{67122AE0-AC1B-4DFE-86F9-A21BB6B9DECC}.Release|x64.ActiveCfg = Release|Any CPU
		{67122AE0-AC1B-4DFE-86F9-A21BB6B9DECC}.Release|x64.Build.0 = Release|Any CPU
		{67122AE0-AC1B-4DFE-86F9-A21BB6B9DECC}.Release|x86.ActiveCfg = Release|Any CPU
		{67122AE0-AC1B-4DFE-86F9-A21BB6B9DECC}.Release|x86.Build.0 = Release|Any CPU
		{B5430A72-8CFF-4F99-A2CA-A6E5B859AC8E}.Debug|Any CPU.ActiveCfg = Debug|Any CPU
		{B5430A72-8CFF-4F99-A2CA-A6E5B859AC8E}.Debug|Any CPU.Build.0 = Debug|Any CPU
		{B5430A72-8CFF-4F99-A2CA-A6E5B859AC8E}.Debug|x64.ActiveCfg = Debug|Any CPU
		{B5430A72-8CFF-4F99-A2CA-A6E5B859AC8E}.Debug|x64.Build.0 = Debug|Any CPU
		{B5430A72-8CFF-4F99-A2CA-A6E5B859AC8E}.Debug|x86.ActiveCfg = Debug|Any CPU
		{B5430A72-8CFF-4F99-A2CA-A6E5B859AC8E}.Debug|x86.Build.0 = Debug|Any CPU
		{B5430A72-8CFF-4F99-A2CA-A6E5B859AC8E}.Release|Any CPU.ActiveCfg = Release|Any CPU
		{B5430A72-8CFF-4F99-A2CA-A6E5B859AC8E}.Release|Any CPU.Build.0 = Release|Any CPU
		{B5430A72-8CFF-4F99-A2CA-A6E5B859AC8E}.Release|x64.ActiveCfg = Release|Any CPU
		{B5430A72-8CFF-4F99-A2CA-A6E5B859AC8E}.Release|x64.Build.0 = Release|Any CPU
		{B5430A72-8CFF-4F99-A2CA-A6E5B859AC8E}.Release|x86.ActiveCfg = Release|Any CPU
		{B5430A72-8CFF-4F99-A2CA-A6E5B859AC8E}.Release|x86.Build.0 = Release|Any CPU
		{7E5A3209-1EEB-42E0-8C11-EDA769E98774}.Debug|Any CPU.ActiveCfg = Debug|Any CPU
		{7E5A3209-1EEB-42E0-8C11-EDA769E98774}.Debug|Any CPU.Build.0 = Debug|Any CPU
		{7E5A3209-1EEB-42E0-8C11-EDA769E98774}.Debug|x64.ActiveCfg = Debug|Any CPU
		{7E5A3209-1EEB-42E0-8C11-EDA769E98774}.Debug|x64.Build.0 = Debug|Any CPU
		{7E5A3209-1EEB-42E0-8C11-EDA769E98774}.Debug|x86.ActiveCfg = Debug|Any CPU
		{7E5A3209-1EEB-42E0-8C11-EDA769E98774}.Debug|x86.Build.0 = Debug|Any CPU
		{7E5A3209-1EEB-42E0-8C11-EDA769E98774}.Release|Any CPU.ActiveCfg = Release|Any CPU
		{7E5A3209-1EEB-42E0-8C11-EDA769E98774}.Release|Any CPU.Build.0 = Release|Any CPU
		{7E5A3209-1EEB-42E0-8C11-EDA769E98774}.Release|x64.ActiveCfg = Release|Any CPU
		{7E5A3209-1EEB-42E0-8C11-EDA769E98774}.Release|x64.Build.0 = Release|Any CPU
		{7E5A3209-1EEB-42E0-8C11-EDA769E98774}.Release|x86.ActiveCfg = Release|Any CPU
		{7E5A3209-1EEB-42E0-8C11-EDA769E98774}.Release|x86.Build.0 = Release|Any CPU
		{4FC44072-6952-43B8-BFB2-7B64FBEE223B}.Debug|Any CPU.ActiveCfg = Debug|Any CPU
		{4FC44072-6952-43B8-BFB2-7B64FBEE223B}.Debug|Any CPU.Build.0 = Debug|Any CPU
		{4FC44072-6952-43B8-BFB2-7B64FBEE223B}.Debug|x64.ActiveCfg = Debug|Any CPU
		{4FC44072-6952-43B8-BFB2-7B64FBEE223B}.Debug|x64.Build.0 = Debug|Any CPU
		{4FC44072-6952-43B8-BFB2-7B64FBEE223B}.Debug|x86.ActiveCfg = Debug|Any CPU
		{4FC44072-6952-43B8-BFB2-7B64FBEE223B}.Debug|x86.Build.0 = Debug|Any CPU
		{4FC44072-6952-43B8-BFB2-7B64FBEE223B}.Release|Any CPU.ActiveCfg = Release|Any CPU
		{4FC44072-6952-43B8-BFB2-7B64FBEE223B}.Release|Any CPU.Build.0 = Release|Any CPU
		{4FC44072-6952-43B8-BFB2-7B64FBEE223B}.Release|x64.ActiveCfg = Release|Any CPU
		{4FC44072-6952-43B8-BFB2-7B64FBEE223B}.Release|x64.Build.0 = Release|Any CPU
		{4FC44072-6952-43B8-BFB2-7B64FBEE223B}.Release|x86.ActiveCfg = Release|Any CPU
		{4FC44072-6952-43B8-BFB2-7B64FBEE223B}.Release|x86.Build.0 = Release|Any CPU
		{5AAAD1AF-F393-40FD-9E21-0A3A6C7F3752}.Debug|Any CPU.ActiveCfg = Debug|Any CPU
		{5AAAD1AF-F393-40FD-9E21-0A3A6C7F3752}.Debug|Any CPU.Build.0 = Debug|Any CPU
		{5AAAD1AF-F393-40FD-9E21-0A3A6C7F3752}.Debug|x64.ActiveCfg = Debug|Any CPU
		{5AAAD1AF-F393-40FD-9E21-0A3A6C7F3752}.Debug|x64.Build.0 = Debug|Any CPU
		{5AAAD1AF-F393-40FD-9E21-0A3A6C7F3752}.Debug|x86.ActiveCfg = Debug|Any CPU
		{5AAAD1AF-F393-40FD-9E21-0A3A6C7F3752}.Debug|x86.Build.0 = Debug|Any CPU
		{5AAAD1AF-F393-40FD-9E21-0A3A6C7F3752}.Release|Any CPU.ActiveCfg = Release|Any CPU
		{5AAAD1AF-F393-40FD-9E21-0A3A6C7F3752}.Release|Any CPU.Build.0 = Release|Any CPU
		{5AAAD1AF-F393-40FD-9E21-0A3A6C7F3752}.Release|x64.ActiveCfg = Release|Any CPU
		{5AAAD1AF-F393-40FD-9E21-0A3A6C7F3752}.Release|x64.Build.0 = Release|Any CPU
		{5AAAD1AF-F393-40FD-9E21-0A3A6C7F3752}.Release|x86.ActiveCfg = Release|Any CPU
		{5AAAD1AF-F393-40FD-9E21-0A3A6C7F3752}.Release|x86.Build.0 = Release|Any CPU
	EndGlobalSection
	GlobalSection(SolutionProperties) = preSolution
		HideSolutionNode = FALSE
	EndGlobalSection
	GlobalSection(NestedProjects) = preSolution
		{67122AE0-AC1B-4DFE-86F9-A21BB6B9DECC} = {827E0CD3-B72D-47B6-A68D-7590B98EB39B}
		{B5430A72-8CFF-4F99-A2CA-A6E5B859AC8E} = {827E0CD3-B72D-47B6-A68D-7590B98EB39B}
		{7E5A3209-1EEB-42E0-8C11-EDA769E98774} = {07C2787E-EAC7-C090-1BA3-A61EC2A24D84}
		{4FC44072-6952-43B8-BFB2-7B64FBEE223B} = {0AB3BF05-4346-4AA6-1389-037BE0695223}
		{5AAAD1AF-F393-40FD-9E21-0A3A6C7F3752} = {0AB3BF05-4346-4AA6-1389-037BE0695223}
	EndGlobalSection
EndGlobal
